
Microsoft Visual Studio Solution File, Format Version 12.00
# Visual Studio 15
VisualStudioVersion = 15.0.28010.2036
MinimumVisualStudioVersion = 10.0.40219.1
Project("{9A19103F-16F7-4668-BE54-9A1E7A4F7556}") = "Lab02UnitTesting", "Lab02UnitTesting\Lab02UnitTesting.csproj", "{30E71093-4845-4116-8240-E511325A002E}"
EndProject
Project("{FAE04EC0-301F-11D3-BF4B-00C04F79EFBC}") = "XUnitTestLab02UnitTesting", "XUnitTestLab02UnitTesting\XUnitTestLab02UnitTesting.csproj", "{826C5ECA-091C-4E5A-AAF0-6B2EB9D5829C}"
EndProject
Global
	GlobalSection(SolutionConfigurationPlatforms) = preSolution
		Debug|Any CPU = Debug|Any CPU
		Release|Any CPU = Release|Any CPU
	EndGlobalSection
	GlobalSection(ProjectConfigurationPlatforms) = postSolution
		{30E71093-4845-4116-8240-E511325A002E}.Debug|Any CPU.ActiveCfg = Debug|Any CPU
		{30E71093-4845-4116-8240-E511325A002E}.Debug|Any CPU.Build.0 = Debug|Any CPU
		{30E71093-4845-4116-8240-E511325A002E}.Release|Any CPU.ActiveCfg = Release|Any CPU
		{30E71093-4845-4116-8240-E511325A002E}.Release|Any CPU.Build.0 = Release|Any CPU
		{826C5ECA-091C-4E5A-AAF0-6B2EB9D5829C}.Debug|Any CPU.ActiveCfg = Debug|Any CPU
		{826C5ECA-091C-4E5A-AAF0-6B2EB9D5829C}.Debug|Any CPU.Build.0 = Debug|Any CPU
		{826C5ECA-091C-4E5A-AAF0-6B2EB9D5829C}.Release|Any CPU.ActiveCfg = Release|Any CPU
		{826C5ECA-091C-4E5A-AAF0-6B2EB9D5829C}.Release|Any CPU.Build.0 = Release|Any CPU
	EndGlobalSection
	GlobalSection(SolutionProperties) = preSolution
		HideSolutionNode = FALSE
	EndGlobalSection
	GlobalSection(ExtensibilityGlobals) = postSolution
		SolutionGuid = {56600115-8CDC-468E-9839-1E591A23DB05}
	EndGlobalSection
EndGlobal
